
Microsoft Visual Studio Solution File, Format Version 12.00
# Visual Studio Version 17
VisualStudioVersion = 17.1.32421.90
MinimumVisualStudioVersion = 10.0.40219.1
Project("{9A19103F-16F7-4668-BE54-9A1E7A4F7556}") = "Tense.Rql.SqlServer", "Tense.Rql.SqlServer\Tense.Rql.SqlServer.csproj", "{B089A828-9035-42FE-8084-B3998DDC433B}"
EndProject
Project("{FAE04EC0-301F-11D3-BF4B-00C04F79EFBC}") = "Tense.Rql.SqlServer.UnitTests", "Tense.Rql.SqlServer.UnitTests\Tense.Rql.SqlServer.UnitTests.csproj", "{883EF0E1-A0CA-4393-BE08-D909C1CECBD0}"
EndProject
Global
	GlobalSection(SolutionConfigurationPlatforms) = preSolution
		Debug|Any CPU = Debug|Any CPU
		Release|Any CPU = Release|Any CPU
	EndGlobalSection
	GlobalSection(ProjectConfigurationPlatforms) = postSolution
		{B089A828-9035-42FE-8084-B3998DDC433B}.Debug|Any CPU.ActiveCfg = Debug|Any CPU
		{B089A828-9035-42FE-8084-B3998DDC433B}.Debug|Any CPU.Build.0 = Debug|Any CPU
		{B089A828-9035-42FE-8084-B3998DDC433B}.Release|Any CPU.ActiveCfg = Release|Any CPU
		{B089A828-9035-42FE-8084-B3998DDC433B}.Release|Any CPU.Build.0 = Release|Any CPU
		{883EF0E1-A0CA-4393-BE08-D909C1CECBD0}.Debug|Any CPU.ActiveCfg = Debug|Any CPU
		{883EF0E1-A0CA-4393-BE08-D909C1CECBD0}.Debug|Any CPU.Build.0 = Debug|Any CPU
		{883EF0E1-A0CA-4393-BE08-D909C1CECBD0}.Release|Any CPU.ActiveCfg = Release|Any CPU
		{883EF0E1-A0CA-4393-BE08-D909C1CECBD0}.Release|Any CPU.Build.0 = Release|Any CPU
	EndGlobalSection
	GlobalSection(SolutionProperties) = preSolution
		HideSolutionNode = FALSE
	EndGlobalSection
	GlobalSection(ExtensibilityGlobals) = postSolution
		SolutionGuid = {C5465B2E-DD61-4AF4-BB08-CFE6AA8E58BB}
	EndGlobalSection
EndGlobal
